
Microsoft Visual Studio Solution File, Format Version 12.00
# Visual Studio Version 16
VisualStudioVersion = 16.0.29020.237
MinimumVisualStudioVersion = 10.0.40219.1
Project("{FAE04EC0-301F-11D3-BF4B-00C04F79EFBC}") = "WebApplication1", "WebApplication1\WebApplication1.csproj", "{83D3573F-8460-4A56-8408-2F3C218C57A0}"
EndProject
Global
	GlobalSection(SolutionConfigurationPlatforms) = preSolution
		Debug|Any CPU = Debug|Any CPU
		Release|Any CPU = Release|Any CPU
	EndGlobalSection
	GlobalSection(ProjectConfigurationPlatforms) = postSolution
		{83D3573F-8460-4A56-8408-2F3C218C57A0}.Debug|Any CPU.ActiveCfg = Debug|Any CPU
		{83D3573F-8460-4A56-8408-2F3C218C57A0}.Debug|Any CPU.Build.0 = Debug|Any CPU
		{83D3573F-8460-4A56-8408-2F3C218C57A0}.Release|Any CPU.ActiveCfg = Release|Any CPU
		{83D3573F-8460-4A56-8408-2F3C218C57A0}.Release|Any CPU.Build.0 = Release|Any CPU
	EndGlobalSection
	GlobalSection(SolutionProperties) = preSolution
		HideSolutionNode = FALSE
	EndGlobalSection
	GlobalSection(ExtensibilityGlobals) = postSolution
		SolutionGuid = {40ECF6A4-7D62-45A5-83D5-23B6D31979A3}
	EndGlobalSection
EndGlobal
